
Microsoft Visual Studio Solution File, Format Version 12.00
# Visual Studio Version 17
VisualStudioVersion = 17.1.32210.238
MinimumVisualStudioVersion = 10.0.40219.1
Project("{FAE04EC0-301F-11D3-BF4B-00C04F79EFBC}") = "BlazorEcommerce.Server", "BlazorEcommerce\Server\BlazorEcommerce.Server.csproj", "{30D15792-B3B6-4539-948E-C0F993DE82BE}"
EndProject
Project("{FAE04EC0-301F-11D3-BF4B-00C04F79EFBC}") = "BlazorEcommerce.Client", "BlazorEcommerce\Client\BlazorEcommerce.Client.csproj", "{EAC8EFD3-9C6E-4F2D-A0FA-985033FF8395}"
EndProject
Project("{FAE04EC0-301F-11D3-BF4B-00C04F79EFBC}") = "BlazorEcommerce.Shared", "BlazorEcommerce\Shared\BlazorEcommerce.Shared.csproj", "{25E7A9C6-C6D0-41DA-A4DF-80083A36511C}"
EndProject
Global
	GlobalSection(SolutionConfigurationPlatforms) = preSolution
		Debug|Any CPU = Debug|Any CPU
		Release|Any CPU = Release|Any CPU
	EndGlobalSection
	GlobalSection(ProjectConfigurationPlatforms) = postSolution
		{30D15792-B3B6-4539-948E-C0F993DE82BE}.Debug|Any CPU.ActiveCfg = Debug|Any CPU
		{30D15792-B3B6-4539-948E-C0F993DE82BE}.Debug|Any CPU.Build.0 = Debug|Any CPU
		{30D15792-B3B6-4539-948E-C0F993DE82BE}.Release|Any CPU.ActiveCfg = Release|Any CPU
		{30D15792-B3B6-4539-948E-C0F993DE82BE}.Release|Any CPU.Build.0 = Release|Any CPU
		{EAC8EFD3-9C6E-4F2D-A0FA-985033FF8395}.Debug|Any CPU.ActiveCfg = Debug|Any CPU
		{EAC8EFD3-9C6E-4F2D-A0FA-985033FF8395}.Debug|Any CPU.Build.0 = Debug|Any CPU
		{EAC8EFD3-9C6E-4F2D-A0FA-985033FF8395}.Release|Any CPU.ActiveCfg = Release|Any CPU
		{EAC8EFD3-9C6E-4F2D-A0FA-985033FF8395}.Release|Any CPU.Build.0 = Release|Any CPU
		{25E7A9C6-C6D0-41DA-A4DF-80083A36511C}.Debug|Any CPU.ActiveCfg = Debug|Any CPU
		{25E7A9C6-C6D0-41DA-A4DF-80083A36511C}.Debug|Any CPU.Build.0 = Debug|Any CPU
		{25E7A9C6-C6D0-41DA-A4DF-80083A36511C}.Release|Any CPU.ActiveCfg = Release|Any CPU
		{25E7A9C6-C6D0-41DA-A4DF-80083A36511C}.Release|Any CPU.Build.0 = Release|Any CPU
	EndGlobalSection
	GlobalSection(SolutionProperties) = preSolution
		HideSolutionNode = FALSE
	EndGlobalSection
	GlobalSection(ExtensibilityGlobals) = postSolution
		SolutionGuid = {80C4596D-4F87-4BCC-8D6B-31E889E47F67}
	EndGlobalSection
EndGlobal
